
Microsoft Visual Studio Solution File, Format Version 12.00
# Visual Studio 2015
Project("{FAE04EC0-301F-11D3-BF4B-00C04F79EFBC}") = "Robot Rampage.CSharp", "Robot Rampage.CSharp.csproj", "{520FE3D3-F3A1-CC20-BFBF-6AFFDAD0F342}"
EndProject
Global
	GlobalSection(SolutionConfigurationPlatforms) = preSolution
		Debug|Any CPU = Debug|Any CPU
		Release|Any CPU = Release|Any CPU
	EndGlobalSection
	GlobalSection(ProjectConfigurationPlatforms) = postSolution
		{520FE3D3-F3A1-CC20-BFBF-6AFFDAD0F342}.Debug|Any CPU.ActiveCfg = Debug|Any CPU
		{520FE3D3-F3A1-CC20-BFBF-6AFFDAD0F342}.Debug|Any CPU.Build.0 = Debug|Any CPU
		{520FE3D3-F3A1-CC20-BFBF-6AFFDAD0F342}.Release|Any CPU.ActiveCfg = Release|Any CPU
		{520FE3D3-F3A1-CC20-BFBF-6AFFDAD0F342}.Release|Any CPU.Build.0 = Release|Any CPU
	EndGlobalSection
	GlobalSection(SolutionProperties) = preSolution
		HideSolutionNode = FALSE
	EndGlobalSection
EndGlobal
